// !$*UTF8*$!
{
	archiveVersion = 1;
	classes = {
	};
	objectVersion = 46;
	objects = {

/* Begin PBXBuildFile section */
		6F8B208B1500D1F600E5FE65 /* Foundation.framework in Frameworks */ = {isa = PBXBuildFile; fileRef = 6F8B208A1500D1F600E5FE65 /* Foundation.framework */; };
		6F8B20991500D1F600E5FE65 /* SenTestingKit.framework in Frameworks */ = {isa = PBXBuildFile; fileRef = 6F8B20981500D1F600E5FE65 /* SenTestingKit.framework */; };
		6F8B209B1500D1F600E5FE65 /* UIKit.framework in Frameworks */ = {isa = PBXBuildFile; fileRef = 6F8B209A1500D1F600E5FE65 /* UIKit.framework */; };
		6F8B209C1500D1F600E5FE65 /* Foundation.framework in Frameworks */ = {isa = PBXBuildFile; fileRef = 6F8B208A1500D1F600E5FE65 /* Foundation.framework */; };
		6F8B209F1500D1F600E5FE65 /* libOCMockSingletonExtension.a in Frameworks */ = {isa = PBXBuildFile; fileRef = 6F8B20871500D1F600E5FE65 /* libOCMockSingletonExtension.a */; };
		6F8B20A51500D1F600E5FE65 /* InfoPlist.strings in Resources */ = {isa = PBXBuildFile; fileRef = 6F8B20A31500D1F600E5FE65 /* InfoPlist.strings */; };
		6F8B20A81500D1F600E5FE65 /* OCMockSingletonExtensionTests.m in Sources */ = {isa = PBXBuildFile; fileRef = 6F8B20A71500D1F600E5FE65 /* OCMockSingletonExtensionTests.m */; };
		6F8B20B31500D28C00E5FE65 /* NSObject+SupersequentImplementation.h in Headers */ = {isa = PBXBuildFile; fileRef = 6F8B20B11500D28C00E5FE65 /* NSObject+SupersequentImplementation.h */; };
		6F8B20B41500D28C00E5FE65 /* NSObject+SupersequentImplementation.m in Sources */ = {isa = PBXBuildFile; fileRef = 6F8B20B21500D28C00E5FE65 /* NSObject+SupersequentImplementation.m */; };
		6F8B20B51500D28C00E5FE65 /* NSObject+SupersequentImplementation.m in Sources */ = {isa = PBXBuildFile; fileRef = 6F8B20B21500D28C00E5FE65 /* NSObject+SupersequentImplementation.m */; };
		6F8B20BC1500D3C100E5FE65 /* NSDate+UnitTests.h in Headers */ = {isa = PBXBuildFile; fileRef = 6F8B20B61500D3C100E5FE65 /* NSDate+UnitTests.h */; };
		6F8B20BD1500D3C100E5FE65 /* NSDate+UnitTests.m in Sources */ = {isa = PBXBuildFile; fileRef = 6F8B20B71500D3C100E5FE65 /* NSDate+UnitTests.m */; };
		6F8B20BE1500D3C100E5FE65 /* NSDate+UnitTests.m in Sources */ = {isa = PBXBuildFile; fileRef = 6F8B20B71500D3C100E5FE65 /* NSDate+UnitTests.m */; };
		6F8B20BF1500D3C100E5FE65 /* NSNotificationCenter+UnitTests.h in Headers */ = {isa = PBXBuildFile; fileRef = 6F8B20B81500D3C100E5FE65 /* NSNotificationCenter+UnitTests.h */; };
		6F8B20C01500D3C100E5FE65 /* NSNotificationCenter+UnitTests.m in Sources */ = {isa = PBXBuildFile; fileRef = 6F8B20B91500D3C100E5FE65 /* NSNotificationCenter+UnitTests.m */; };
		6F8B20C11500D3C100E5FE65 /* NSNotificationCenter+UnitTests.m in Sources */ = {isa = PBXBuildFile; fileRef = 6F8B20B91500D3C100E5FE65 /* NSNotificationCenter+UnitTests.m */; };
		6F8B20C21500D3C100E5FE65 /* UIImage+UnitTests.h in Headers */ = {isa = PBXBuildFile; fileRef = 6F8B20BA1500D3C100E5FE65 /* UIImage+UnitTests.h */; };
		6F8B20C31500D3C100E5FE65 /* UIImage+UnitTests.m in Sources */ = {isa = PBXBuildFile; fileRef = 6F8B20BB1500D3C100E5FE65 /* UIImage+UnitTests.m */; };
		6F8B20C41500D3C100E5FE65 /* UIImage+UnitTests.m in Sources */ = {isa = PBXBuildFile; fileRef = 6F8B20BB1500D3C100E5FE65 /* UIImage+UnitTests.m */; };
		6F8B20D01500D51100E5FE65 /* NSNotificationCenter+OCMAdditions.h in Headers */ = {isa = PBXBuildFile; fileRef = 6F8B20C91500D51100E5FE65 /* NSNotificationCenter+OCMAdditions.h */; };
		6F8B20D11500D51100E5FE65 /* OCMArg.h in Headers */ = {isa = PBXBuildFile; fileRef = 6F8B20CA1500D51100E5FE65 /* OCMArg.h */; };
		6F8B20D21500D51100E5FE65 /* OCMConstraint.h in Headers */ = {isa = PBXBuildFile; fileRef = 6F8B20CB1500D51100E5FE65 /* OCMConstraint.h */; };
		6F8B20D31500D51100E5FE65 /* OCMock.h in Headers */ = {isa = PBXBuildFile; fileRef = 6F8B20CC1500D51100E5FE65 /* OCMock.h */; };
		6F8B20D41500D51100E5FE65 /* OCMockObject.h in Headers */ = {isa = PBXBuildFile; fileRef = 6F8B20CD1500D51100E5FE65 /* OCMockObject.h */; };
		6F8B20D51500D51100E5FE65 /* OCMockRecorder.h in Headers */ = {isa = PBXBuildFile; fileRef = 6F8B20CE1500D51100E5FE65 /* OCMockRecorder.h */; };
		6F8B20D61500D51100E5FE65 /* libOCMock.a in Frameworks */ = {isa = PBXBuildFile; fileRef = 6F8B20CF1500D51100E5FE65 /* libOCMock.a */; };
		6F8B20D71500D51100E5FE65 /* libOCMock.a in Frameworks */ = {isa = PBXBuildFile; fileRef = 6F8B20CF1500D51100E5FE65 /* libOCMock.a */; };
/* End PBXBuildFile section */

/* Begin PBXContainerItemProxy section */
		6F8B209D1500D1F600E5FE65 /* PBXContainerItemProxy */ = {
			isa = PBXContainerItemProxy;
			containerPortal = 6F8B207E1500D1F500E5FE65 /* Project object */;
			proxyType = 1;
			remoteGlobalIDString = 6F8B20861500D1F600E5FE65;
			remoteInfo = OCMockSingletonExtension;
		};
/* End PBXContainerItemProxy section */

/* Begin PBXFileReference section */
		6F8B20871500D1F600E5FE65 /* libOCMockSingletonExtension.a */ = {isa = PBXFileReference; explicitFileType = archive.ar; includeInIndex = 0; path = libOCMockSingletonExtension.a; sourceTree = BUILT_PRODUCTS_DIR; };
		6F8B208A1500D1F600E5FE65 /* Foundation.framework */ = {isa = PBXFileReference; lastKnownFileType = wrapper.framework; name = Foundation.framework; path = System/Library/Frameworks/Foundation.framework; sourceTree = SDKROOT; };
		6F8B208E1500D1F600E5FE65 /* OCMockSingletonExtension-Prefix.pch */ = {isa = PBXFileReference; lastKnownFileType = sourcecode.c.h; path = "OCMockSingletonExtension-Prefix.pch"; sourceTree = "<group>"; };
		6F8B20971500D1F600E5FE65 /* OCMockSingletonExtensionTests.octest */ = {isa = PBXFileReference; explicitFileType = wrapper.cfbundle; includeInIndex = 0; path = OCMockSingletonExtensionTests.octest; sourceTree = BUILT_PRODUCTS_DIR; };
		6F8B20981500D1F600E5FE65 /* SenTestingKit.framework */ = {isa = PBXFileReference; lastKnownFileType = wrapper.framework; name = SenTestingKit.framework; path = Library/Frameworks/SenTestingKit.framework; sourceTree = DEVELOPER_DIR; };
		6F8B209A1500D1F600E5FE65 /* UIKit.framework */ = {isa = PBXFileReference; lastKnownFileType = wrapper.framework; name = UIKit.framework; path = Library/Frameworks/UIKit.framework; sourceTree = DEVELOPER_DIR; };
		6F8B20A21500D1F600E5FE65 /* OCMockSingletonExtensionTests-Info.plist */ = {isa = PBXFileReference; lastKnownFileType = text.plist.xml; path = "OCMockSingletonExtensionTests-Info.plist"; sourceTree = "<group>"; };
		6F8B20A41500D1F600E5FE65 /* en */ = {isa = PBXFileReference; lastKnownFileType = text.plist.strings; name = en; path = en.lproj/InfoPlist.strings; sourceTree = "<group>"; };
		6F8B20A61500D1F600E5FE65 /* OCMockSingletonExtensionTests.h */ = {isa = PBXFileReference; lastKnownFileType = sourcecode.c.h; path = OCMockSingletonExtensionTests.h; sourceTree = "<group>"; };
		6F8B20A71500D1F600E5FE65 /* OCMockSingletonExtensionTests.m */ = {isa = PBXFileReference; lastKnownFileType = sourcecode.c.objc; path = OCMockSingletonExtensionTests.m; sourceTree = "<group>"; };
		6F8B20B11500D28C00E5FE65 /* NSObject+SupersequentImplementation.h */ = {isa = PBXFileReference; fileEncoding = 4; lastKnownFileType = sourcecode.c.h; path = "NSObject+SupersequentImplementation.h"; sourceTree = "<group>"; };
		6F8B20B21500D28C00E5FE65 /* NSObject+SupersequentImplementation.m */ = {isa = PBXFileReference; fileEncoding = 4; lastKnownFileType = sourcecode.c.objc; path = "NSObject+SupersequentImplementation.m"; sourceTree = "<group>"; };
		6F8B20B61500D3C100E5FE65 /* NSDate+UnitTests.h */ = {isa = PBXFileReference; fileEncoding = 4; lastKnownFileType = sourcecode.c.h; path = "NSDate+UnitTests.h"; sourceTree = "<group>"; };
		6F8B20B71500D3C100E5FE65 /* NSDate+UnitTests.m */ = {isa = PBXFileReference; fileEncoding = 4; lastKnownFileType = sourcecode.c.objc; path = "NSDate+UnitTests.m"; sourceTree = "<group>"; };
		6F8B20B81500D3C100E5FE65 /* NSNotificationCenter+UnitTests.h */ = {isa = PBXFileReference; fileEncoding = 4; lastKnownFileType = sourcecode.c.h; path = "NSNotificationCenter+UnitTests.h"; sourceTree = "<group>"; };
		6F8B20B91500D3C100E5FE65 /* NSNotificationCenter+UnitTests.m */ = {isa = PBXFileReference; fileEncoding = 4; lastKnownFileType = sourcecode.c.objc; path = "NSNotificationCenter+UnitTests.m"; sourceTree = "<group>"; };
		6F8B20BA1500D3C100E5FE65 /* UIImage+UnitTests.h */ = {isa = PBXFileReference; fileEncoding = 4; lastKnownFileType = sourcecode.c.h; path = "UIImage+UnitTests.h"; sourceTree = "<group>"; };
		6F8B20BB1500D3C100E5FE65 /* UIImage+UnitTests.m */ = {isa = PBXFileReference; fileEncoding = 4; lastKnownFileType = sourcecode.c.objc; path = "UIImage+UnitTests.m"; sourceTree = "<group>"; };
		6F8B20C91500D51100E5FE65 /* NSNotificationCenter+OCMAdditions.h */ = {isa = PBXFileReference; fileEncoding = 4; lastKnownFileType = sourcecode.c.h; path = "NSNotificationCenter+OCMAdditions.h"; sourceTree = "<group>"; };
		6F8B20CA1500D51100E5FE65 /* OCMArg.h */ = {isa = PBXFileReference; fileEncoding = 4; lastKnownFileType = sourcecode.c.h; path = OCMArg.h; sourceTree = "<group>"; };
		6F8B20CB1500D51100E5FE65 /* OCMConstraint.h */ = {isa = PBXFileReference; fileEncoding = 4; lastKnownFileType = sourcecode.c.h; path = OCMConstraint.h; sourceTree = "<group>"; };
		6F8B20CC1500D51100E5FE65 /* OCMock.h */ = {isa = PBXFileReference; fileEncoding = 4; lastKnownFileType = sourcecode.c.h; path = OCMock.h; sourceTree = "<group>"; };
		6F8B20CD1500D51100E5FE65 /* OCMockObject.h */ = {isa = PBXFileReference; fileEncoding = 4; lastKnownFileType = sourcecode.c.h; path = OCMockObject.h; sourceTree = "<group>"; };
		6F8B20CE1500D51100E5FE65 /* OCMockRecorder.h */ = {isa = PBXFileReference; fileEncoding = 4; lastKnownFileType = sourcecode.c.h; path = OCMockRecorder.h; sourceTree = "<group>"; };
		6F8B20CF1500D51100E5FE65 /* libOCMock.a */ = {isa = PBXFileReference; lastKnownFileType = archive.ar; path = libOCMock.a; sourceTree = "<group>"; };
/* End PBXFileReference section */

/* Begin PBXFrameworksBuildPhase section */
		6F8B20841500D1F600E5FE65 /* Frameworks */ = {
			isa = PBXFrameworksBuildPhase;
			buildActionMask = 2147483647;
			files = (
				6F8B208B1500D1F600E5FE65 /* Foundation.framework in Frameworks */,
				6F8B20D61500D51100E5FE65 /* libOCMock.a in Frameworks */,
			);
			runOnlyForDeploymentPostprocessing = 0;
		};
		6F8B20931500D1F600E5FE65 /* Frameworks */ = {
			isa = PBXFrameworksBuildPhase;
			buildActionMask = 2147483647;
			files = (
				6F8B20991500D1F600E5FE65 /* SenTestingKit.framework in Frameworks */,
				6F8B209B1500D1F600E5FE65 /* UIKit.framework in Frameworks */,
				6F8B209C1500D1F600E5FE65 /* Foundation.framework in Frameworks */,
				6F8B209F1500D1F600E5FE65 /* libOCMockSingletonExtension.a in Frameworks */,
				6F8B20D71500D51100E5FE65 /* libOCMock.a in Frameworks */,
			);
			runOnlyForDeploymentPostprocessing = 0;
		};
/* End PBXFrameworksBuildPhase section */

/* Begin PBXGroup section */
		6F8B207C1500D1F500E5FE65 = {
			isa = PBXGroup;
			children = (
				6F8B208C1500D1F600E5FE65 /* OCMockSingletonExtension */,
				6F8B20A01500D1F600E5FE65 /* OCMockSingletonExtensionTests */,
				6F8B20891500D1F600E5FE65 /* Frameworks */,
				6F8B20881500D1F600E5FE65 /* Products */,
			);
			sourceTree = "<group>";
		};
		6F8B20881500D1F600E5FE65 /* Products */ = {
			isa = PBXGroup;
			children = (
				6F8B20871500D1F600E5FE65 /* libOCMockSingletonExtension.a */,
				6F8B20971500D1F600E5FE65 /* OCMockSingletonExtensionTests.octest */,
			);
			name = Products;
			sourceTree = "<group>";
		};
		6F8B20891500D1F600E5FE65 /* Frameworks */ = {
			isa = PBXGroup;
			children = (
				6F8B20C61500D51100E5FE65 /* OCMock */,
				6F8B208A1500D1F600E5FE65 /* Foundation.framework */,
				6F8B20981500D1F600E5FE65 /* SenTestingKit.framework */,
				6F8B209A1500D1F600E5FE65 /* UIKit.framework */,
			);
			name = Frameworks;
			sourceTree = "<group>";
		};
		6F8B208C1500D1F600E5FE65 /* OCMockSingletonExtension */ = {
			isa = PBXGroup;
			children = (
				6F8B20B61500D3C100E5FE65 /* NSDate+UnitTests.h */,
				6F8B20B71500D3C100E5FE65 /* NSDate+UnitTests.m */,
				6F8B20B81500D3C100E5FE65 /* NSNotificationCenter+UnitTests.h */,
				6F8B20B91500D3C100E5FE65 /* NSNotificationCenter+UnitTests.m */,
				6F8B20BA1500D3C100E5FE65 /* UIImage+UnitTests.h */,
				6F8B20BB1500D3C100E5FE65 /* UIImage+UnitTests.m */,
				6F8B20B11500D28C00E5FE65 /* NSObject+SupersequentImplementation.h */,
				6F8B20B21500D28C00E5FE65 /* NSObject+SupersequentImplementation.m */,
				6F8B208D1500D1F600E5FE65 /* Supporting Files */,
			);
			path = OCMockSingletonExtension;
			sourceTree = "<group>";
		};
		6F8B208D1500D1F600E5FE65 /* Supporting Files */ = {
			isa = PBXGroup;
			children = (
				6F8B208E1500D1F600E5FE65 /* OCMockSingletonExtension-Prefix.pch */,
			);
			name = "Supporting Files";
			sourceTree = "<group>";
		};
		6F8B20A01500D1F600E5FE65 /* OCMockSingletonExtensionTests */ = {
			isa = PBXGroup;
			children = (
				6F8B20A61500D1F600E5FE65 /* OCMockSingletonExtensionTests.h */,
				6F8B20A71500D1F600E5FE65 /* OCMockSingletonExtensionTests.m */,
				6F8B20A11500D1F600E5FE65 /* Supporting Files */,
			);
			path = OCMockSingletonExtensionTests;
			sourceTree = "<group>";
		};
		6F8B20A11500D1F600E5FE65 /* Supporting Files */ = {
			isa = PBXGroup;
			children = (
				6F8B20A21500D1F600E5FE65 /* OCMockSingletonExtensionTests-Info.plist */,
				6F8B20A31500D1F600E5FE65 /* InfoPlist.strings */,
			);
			name = "Supporting Files";
			sourceTree = "<group>";
		};
		6F8B20C61500D51100E5FE65 /* OCMock */ = {
			isa = PBXGroup;
			children = (
				6F8B20C71500D51100E5FE65 /* Headers */,
				6F8B20CF1500D51100E5FE65 /* libOCMock.a */,
			);
			name = OCMock;
			path = Libraries/OCMock;
			sourceTree = "<group>";
		};
		6F8B20C71500D51100E5FE65 /* Headers */ = {
			isa = PBXGroup;
			children = (
				6F8B20C81500D51100E5FE65 /* OCMock */,
			);
			path = Headers;
			sourceTree = "<group>";
		};
		6F8B20C81500D51100E5FE65 /* OCMock */ = {
			isa = PBXGroup;
			children = (
				6F8B20C91500D51100E5FE65 /* NSNotificationCenter+OCMAdditions.h */,
				6F8B20CA1500D51100E5FE65 /* OCMArg.h */,
				6F8B20CB1500D51100E5FE65 /* OCMConstraint.h */,
				6F8B20CC1500D51100E5FE65 /* OCMock.h */,
				6F8B20CD1500D51100E5FE65 /* OCMockObject.h */,
				6F8B20CE1500D51100E5FE65 /* OCMockRecorder.h */,
			);
			path = OCMock;
			sourceTree = "<group>";
		};
/* End PBXGroup section */

/* Begin PBXHeadersBuildPhase section */
		6F8B20851500D1F600E5FE65 /* Headers */ = {
			isa = PBXHeadersBuildPhase;
			buildActionMask = 2147483647;
			files = (
				6F8B20B31500D28C00E5FE65 /* NSObject+SupersequentImplementation.h in Headers */,
				6F8B20BC1500D3C100E5FE65 /* NSDate+UnitTests.h in Headers */,
				6F8B20BF1500D3C100E5FE65 /* NSNotificationCenter+UnitTests.h in Headers */,
				6F8B20C21500D3C100E5FE65 /* UIImage+UnitTests.h in Headers */,
				6F8B20D01500D51100E5FE65 /* NSNotificationCenter+OCMAdditions.h in Headers */,
				6F8B20D11500D51100E5FE65 /* OCMArg.h in Headers */,
				6F8B20D21500D51100E5FE65 /* OCMConstraint.h in Headers */,
				6F8B20D31500D51100E5FE65 /* OCMock.h in Headers */,
				6F8B20D41500D51100E5FE65 /* OCMockObject.h in Headers */,
				6F8B20D51500D51100E5FE65 /* OCMockRecorder.h in Headers */,
			);
			runOnlyForDeploymentPostprocessing = 0;
		};
/* End PBXHeadersBuildPhase section */

/* Begin PBXNativeTarget section */
		6F8B20861500D1F600E5FE65 /* OCMockSingletonExtension */ = {
			isa = PBXNativeTarget;
			buildConfigurationList = 6F8B20AB1500D1F600E5FE65 /* Build configuration list for PBXNativeTarget "OCMockSingletonExtension" */;
			buildPhases = (
				6F8B20831500D1F600E5FE65 /* Sources */,
				6F8B20841500D1F600E5FE65 /* Frameworks */,
				6F8B20851500D1F600E5FE65 /* Headers */,
			);
			buildRules = (
			);
			dependencies = (
			);
			name = OCMockSingletonExtension;
			productName = OCMockSingletonExtension;
			productReference = 6F8B20871500D1F600E5FE65 /* libOCMockSingletonExtension.a */;
			productType = "com.apple.product-type.library.static";
		};
		6F8B20961500D1F600E5FE65 /* OCMockSingletonExtensionTests */ = {
			isa = PBXNativeTarget;
			buildConfigurationList = 6F8B20AE1500D1F600E5FE65 /* Build configuration list for PBXNativeTarget "OCMockSingletonExtensionTests" */;
			buildPhases = (
				6F8B20921500D1F600E5FE65 /* Sources */,
				6F8B20931500D1F600E5FE65 /* Frameworks */,
				6F8B20941500D1F600E5FE65 /* Resources */,
				6F8B20951500D1F600E5FE65 /* ShellScript */,
			);
			buildRules = (
			);
			dependencies = (
				6F8B209E1500D1F600E5FE65 /* PBXTargetDependency */,
			);
			name = OCMockSingletonExtensionTests;
			productName = OCMockSingletonExtensionTests;
			productReference = 6F8B20971500D1F600E5FE65 /* OCMockSingletonExtensionTests.octest */;
			productType = "com.apple.product-type.bundle";
		};
/* End PBXNativeTarget section */

/* Begin PBXProject section */
		6F8B207E1500D1F500E5FE65 /* Project object */ = {
			isa = PBXProject;
			attributes = {
				LastUpgradeCheck = 0420;
			};
			buildConfigurationList = 6F8B20811500D1F500E5FE65 /* Build configuration list for PBXProject "OCMockSingletonExtension" */;
			compatibilityVersion = "Xcode 3.2";
			developmentRegion = English;
			hasScannedForEncodings = 0;
			knownRegions = (
				en,
			);
			mainGroup = 6F8B207C1500D1F500E5FE65;
			productRefGroup = 6F8B20881500D1F600E5FE65 /* Products */;
			projectDirPath = "";
			projectRoot = "";
			targets = (
				6F8B20861500D1F600E5FE65 /* OCMockSingletonExtension */,
				6F8B20961500D1F600E5FE65 /* OCMockSingletonExtensionTests */,
			);
		};
/* End PBXProject section */

/* Begin PBXResourcesBuildPhase section */
		6F8B20941500D1F600E5FE65 /* Resources */ = {
			isa = PBXResourcesBuildPhase;
			buildActionMask = 2147483647;
			files = (
				6F8B20A51500D1F600E5FE65 /* InfoPlist.strings in Resources */,
			);
			runOnlyForDeploymentPostprocessing = 0;
		};
/* End PBXResourcesBuildPhase section */

/* Begin PBXShellScriptBuildPhase section */
		6F8B20951500D1F600E5FE65 /* ShellScript */ = {
			isa = PBXShellScriptBuildPhase;
			buildActionMask = 2147483647;
			files = (
			);
			inputPaths = (
			);
			outputPaths = (
			);
			runOnlyForDeploymentPostprocessing = 0;
			shellPath = /bin/sh;
			shellScript = "# Run the unit tests in this test bundle.\n\"${SYSTEM_DEVELOPER_DIR}/Tools/RunUnitTests\"\n";
		};
/* End PBXShellScriptBuildPhase section */

/* Begin PBXSourcesBuildPhase section */
		6F8B20831500D1F600E5FE65 /* Sources */ = {
			isa = PBXSourcesBuildPhase;
			buildActionMask = 2147483647;
			files = (
				6F8B20B41500D28C00E5FE65 /* NSObject+SupersequentImplementation.m in Sources */,
				6F8B20BD1500D3C100E5FE65 /* NSDate+UnitTests.m in Sources */,
				6F8B20C01500D3C100E5FE65 /* NSNotificationCenter+UnitTests.m in Sources */,
				6F8B20C31500D3C100E5FE65 /* UIImage+UnitTests.m in Sources */,
			);
			runOnlyForDeploymentPostprocessing = 0;
		};
		6F8B20921500D1F600E5FE65 /* Sources */ = {
			isa = PBXSourcesBuildPhase;
			buildActionMask = 2147483647;
			files = (
				6F8B20A81500D1F600E5FE65 /* OCMockSingletonExtensionTests.m in Sources */,
				6F8B20B51500D28C00E5FE65 /* NSObject+SupersequentImplementation.m in Sources */,
				6F8B20BE1500D3C100E5FE65 /* NSDate+UnitTests.m in Sources */,
				6F8B20C11500D3C100E5FE65 /* NSNotificationCenter+UnitTests.m in Sources */,
				6F8B20C41500D3C100E5FE65 /* UIImage+UnitTests.m in Sources */,
			);
			runOnlyForDeploymentPostprocessing = 0;
		};
/* End PBXSourcesBuildPhase section */

/* Begin PBXTargetDependency section */
		6F8B209E1500D1F600E5FE65 /* PBXTargetDependency */ = {
			isa = PBXTargetDependency;
			target = 6F8B20861500D1F600E5FE65 /* OCMockSingletonExtension */;
			targetProxy = 6F8B209D1500D1F600E5FE65 /* PBXContainerItemProxy */;
		};
/* End PBXTargetDependency section */

/* Begin PBXVariantGroup section */
		6F8B20A31500D1F600E5FE65 /* InfoPlist.strings */ = {
			isa = PBXVariantGroup;
			children = (
				6F8B20A41500D1F600E5FE65 /* en */,
			);
			name = InfoPlist.strings;
			sourceTree = "<group>";
		};
/* End PBXVariantGroup section */

/* Begin XCBuildConfiguration section */
		6F8B20A91500D1F600E5FE65 /* Debug */ = {
			isa = XCBuildConfiguration;
			buildSettings = {
				ALWAYS_SEARCH_USER_PATHS = NO;
				ARCHS = "$(ARCHS_STANDARD_32_BIT)";
				CLANG_ENABLE_OBJC_ARC = YES;
				COPY_PHASE_STRIP = NO;
				GCC_C_LANGUAGE_STANDARD = gnu99;
				GCC_DYNAMIC_NO_PIC = NO;
				GCC_OPTIMIZATION_LEVEL = 0;
				GCC_PREPROCESSOR_DEFINITIONS = (
					"DEBUG=1",
					"$(inherited)",
				);
				GCC_SYMBOLS_PRIVATE_EXTERN = NO;
				GCC_VERSION = com.apple.compilers.llvm.clang.1_0;
				GCC_WARN_ABOUT_MISSING_PROTOTYPES = YES;
				GCC_WARN_ABOUT_RETURN_TYPE = YES;
				GCC_WARN_UNUSED_VARIABLE = YES;
				IPHONEOS_DEPLOYMENT_TARGET = 5.0;
				SDKROOT = iphoneos;
			};
			name = Debug;
		};
		6F8B20AA1500D1F600E5FE65 /* Release */ = {
			isa = XCBuildConfiguration;
			buildSettings = {
				ALWAYS_SEARCH_USER_PATHS = NO;
				ARCHS = "$(ARCHS_STANDARD_32_BIT)";
				CLANG_ENABLE_OBJC_ARC = YES;
				COPY_PHASE_STRIP = YES;
				GCC_C_LANGUAGE_STANDARD = gnu99;
				GCC_VERSION = com.apple.compilers.llvm.clang.1_0;
				GCC_WARN_ABOUT_MISSING_PROTOTYPES = YES;
				GCC_WARN_ABOUT_RETURN_TYPE = YES;
				GCC_WARN_UNUSED_VARIABLE = YES;
				IPHONEOS_DEPLOYMENT_TARGET = 5.0;
				SDKROOT = iphoneos;
				VALIDATE_PRODUCT = YES;
			};
			name = Release;
		};
		6F8B20AC1500D1F600E5FE65 /* Debug */ = {
			isa = XCBuildConfiguration;
			buildSettings = {
				ALWAYS_SEARCH_USER_PATHS = YES;
				DSTROOT = /tmp/OCMockSingletonExtension.dst;
				GCC_PRECOMPILE_PREFIX_HEADER = YES;
				GCC_PREFIX_HEADER = "OCMockSingletonExtension/OCMockSingletonExtension-Prefix.pch";
				HEADER_SEARCH_PATHS = "$(PROJECT_DIR)/Libraries/**";
				LIBRARY_SEARCH_PATHS = (
					"$(inherited)",
					"\"$(SRCROOT)/Libraries/OCMock\"",
				);
				OTHER_LDFLAGS = "-ObjC";
				PRODUCT_NAME = "$(TARGET_NAME)";
				SKIP_INSTALL = NO;
			};
			name = Debug;
		};
		6F8B20AD1500D1F600E5FE65 /* Release */ = {
			isa = XCBuildConfiguration;
			buildSettings = {
				ALWAYS_SEARCH_USER_PATHS = YES;
				DSTROOT = /tmp/OCMockSingletonExtension.dst;
				GCC_PRECOMPILE_PREFIX_HEADER = YES;
				GCC_PREFIX_HEADER = "OCMockSingletonExtension/OCMockSingletonExtension-Prefix.pch";
				HEADER_SEARCH_PATHS = "$(PROJECT_DIR)/Libraries/**";
				LIBRARY_SEARCH_PATHS = (
					"$(inherited)",
					"\"$(SRCROOT)/Libraries/OCMock\"",
				);
				OTHER_LDFLAGS = "-ObjC";
				PRODUCT_NAME = "$(TARGET_NAME)";
				SKIP_INSTALL = NO;
			};
			name = Release;
		};
		6F8B20AF1500D1F600E5FE65 /* Debug */ = {
			isa = XCBuildConfiguration;
			buildSettings = {
				FRAMEWORK_SEARCH_PATHS = (
					"$(SDKROOT)/Developer/Library/Frameworks",
					"$(DEVELOPER_LIBRARY_DIR)/Frameworks",
				);
				GCC_PRECOMPILE_PREFIX_HEADER = YES;
				GCC_PREFIX_HEADER = "OCMockSingletonExtension/OCMockSingletonExtension-Prefix.pch";
				HEADER_SEARCH_PATHS = "$(PROJECT_DIR)/Libraries/**";
				INFOPLIST_FILE = "OCMockSingletonExtensionTests/OCMockSingletonExtensionTests-Info.plist";
				LIBRARY_SEARCH_PATHS = (
					"$(inherited)",
					"\"$(SRCROOT)/Libraries/OCMock\"",
				);
				OTHER_LDFLAGS = (
					"-force_load",
					"$(PROJECT_DIR)/Libraries/OCMock/libOCMock.a",
				);
				PRODUCT_NAME = "$(TARGET_NAME)";
				WRAPPER_EXTENSION = octest;
			};
			name = Debug;
		};
		6F8B20B01500D1F600E5FE65 /* Release */ = {
			isa = XCBuildConfiguration;
			buildSettings = {
				FRAMEWORK_SEARCH_PATHS = (
					"$(SDKROOT)/Developer/Library/Frameworks",
					"$(DEVELOPER_LIBRARY_DIR)/Frameworks",
				);
				GCC_PRECOMPILE_PREFIX_HEADER = YES;
				GCC_PREFIX_HEADER = "OCMockSingletonExtension/OCMockSingletonExtension-Prefix.pch";
				HEADER_SEARCH_PATHS = "$(PROJECT_DIR)/Libraries/**";
				INFOPLIST_FILE = "OCMockSingletonExtensionTests/OCMockSingletonExtensionTests-Info.plist";
				LIBRARY_SEARCH_PATHS = (
					"$(inherited)",
					"\"$(SRCROOT)/Libraries/OCMock\"",
				);
				OTHER_LDFLAGS = (
					"-force_load",
					"$(PROJECT_DIR)/Libraries/OCMock/libOCMock.a",
				);
				PRODUCT_NAME = "$(TARGET_NAME)";
				WRAPPER_EXTENSION = octest;
			};
			name = Release;
		};
/* End XCBuildConfiguration section */

/* Begin XCConfigurationList section */
		6F8B20811500D1F500E5FE65 /* Build configuration list for PBXProject "OCMockSingletonExtension" */ = {
			isa = XCConfigurationList;
			buildConfigurations = (
				6F8B20A91500D1F600E5FE65 /* Debug */,
				6F8B20AA1500D1F600E5FE65 /* Release */,
			);
			defaultConfigurationIsVisible = 0;
			defaultConfigurationName = Release;
		};
		6F8B20AB1500D1F600E5FE65 /* Build configuration list for PBXNativeTarget "OCMockSingletonExtension" */ = {
			isa = XCConfigurationList;
			buildConfigurations = (
				6F8B20AC1500D1F600E5FE65 /* Debug */,
				6F8B20AD1500D1F600E5FE65 /* Release */,
			);
			defaultConfigurationIsVisible = 0;
		};
		6F8B20AE1500D1F600E5FE65 /* Build configuration list for PBXNativeTarget "OCMockSingletonExtensionTests" */ = {
			isa = XCConfigurationList;
			buildConfigurations = (
				6F8B20AF1500D1F600E5FE65 /* Debug */,
				6F8B20B01500D1F600E5FE65 /* Release */,
			);
			defaultConfigurationIsVisible = 0;
		};
/* End XCConfigurationList section */
	};
	rootObject = 6F8B207E1500D1F500E5FE65 /* Project object */;
}
